
Microsoft Visual Studio Solution File, Format Version 11.00
# Visual Studio 2010
Project("{FAE04EC0-301F-11D3-BF4B-00C04F79EFBC}") = "Gladiator", "Gladiator\Gladiator.csproj", "{4905EE38-C7F8-4D16-A29A-4DCD0E0FA923}"
EndProject
Global
	GlobalSection(SolutionConfigurationPlatforms) = preSolution
		Debug|x86 = Debug|x86
		Release|x86 = Release|x86
	EndGlobalSection
	GlobalSection(ProjectConfigurationPlatforms) = postSolution
		{4905EE38-C7F8-4D16-A29A-4DCD0E0FA923}.Debug|x86.ActiveCfg = Debug|x86
		{4905EE38-C7F8-4D16-A29A-4DCD0E0FA923}.Debug|x86.Build.0 = Debug|x86
		{4905EE38-C7F8-4D16-A29A-4DCD0E0FA923}.Release|x86.ActiveCfg = Release|x86
		{4905EE38-C7F8-4D16-A29A-4DCD0E0FA923}.Release|x86.Build.0 = Release|x86
	EndGlobalSection
	GlobalSection(MonoDevelopProperties) = preSolution
		StartupItem = Gladiator\Gladiator.csproj
	EndGlobalSection
EndGlobal
